
Microsoft Visual Studio Solution File, Format Version 12.00
# Visual Studio 15
VisualStudioVersion = 15.0.28307.852
MinimumVisualStudioVersion = 10.0.40219.1
Project("{8BC9CEB8-8B4A-11D0-8D11-00A0C91BC942}") = "MFCApplication", "MFCApplication\MFCApplication.vcxproj", "{2F65B76E-A03C-4B05-9725-29BA47DAE670}"
EndProject
Project("{8BC9CEB8-8B4A-11D0-8D11-00A0C91BC942}") = "MFCLibrary", "MFCLibrary\MFCLibrary.vcxproj", "{72986972-3364-4D91-B60D-E66034138C42}"
EndProject
Project("{8BC9CEB8-8B4A-11D0-8D11-00A0C91BC942}") = "ATLProject", "ATLProject\ATLProject.vcxproj", "{DB46CED2-B84D-42F2-BC00-83DE24187172}"
EndProject
Project("{8BC9CEB8-8B4A-11D0-8D11-00A0C91BC942}") = "ATLProjectPS", "ATLProjectPS\ATLProjectPS.vcxproj", "{DC7F0C18-006B-4C78-AE69-33B942A6752D}"
	ProjectSection(ProjectDependencies) = postProject
		{DB46CED2-B84D-42F2-BC00-83DE24187172} = {DB46CED2-B84D-42F2-BC00-83DE24187172}
	EndProjectSection
EndProject
Project("{8BC9CEB8-8B4A-11D0-8D11-00A0C91BC942}") = "QtGuiApplication", "QtGuiApplication\QtGuiApplication.vcxproj", "{7A7E40B1-BF7A-409A-BAC2-05D92A8C8707}"
EndProject
Global
	GlobalSection(SolutionConfigurationPlatforms) = preSolution
		Debug|x64 = Debug|x64
		Debug|x86 = Debug|x86
		Release|x64 = Release|x64
		Release|x86 = Release|x86
	EndGlobalSection
	GlobalSection(ProjectConfigurationPlatforms) = postSolution
		{2F65B76E-A03C-4B05-9725-29BA47DAE670}.Debug|x64.ActiveCfg = Debug|x64
		{2F65B76E-A03C-4B05-9725-29BA47DAE670}.Debug|x64.Build.0 = Debug|x64
		{2F65B76E-A03C-4B05-9725-29BA47DAE670}.Debug|x86.ActiveCfg = Debug|Win32
		{2F65B76E-A03C-4B05-9725-29BA47DAE670}.Debug|x86.Build.0 = Debug|Win32
		{2F65B76E-A03C-4B05-9725-29BA47DAE670}.Release|x64.ActiveCfg = Release|x64
		{2F65B76E-A03C-4B05-9725-29BA47DAE670}.Release|x64.Build.0 = Release|x64
		{2F65B76E-A03C-4B05-9725-29BA47DAE670}.Release|x86.ActiveCfg = Release|Win32
		{2F65B76E-A03C-4B05-9725-29BA47DAE670}.Release|x86.Build.0 = Release|Win32
		{72986972-3364-4D91-B60D-E66034138C42}.Debug|x64.ActiveCfg = Debug|x64
		{72986972-3364-4D91-B60D-E66034138C42}.Debug|x64.Build.0 = Debug|x64
		{72986972-3364-4D91-B60D-E66034138C42}.Debug|x86.ActiveCfg = Debug|Win32
		{72986972-3364-4D91-B60D-E66034138C42}.Debug|x86.Build.0 = Debug|Win32
		{72986972-3364-4D91-B60D-E66034138C42}.Release|x64.ActiveCfg = Release|x64
		{72986972-3364-4D91-B60D-E66034138C42}.Release|x64.Build.0 = Release|x64
		{72986972-3364-4D91-B60D-E66034138C42}.Release|x86.ActiveCfg = Release|Win32
		{72986972-3364-4D91-B60D-E66034138C42}.Release|x86.Build.0 = Release|Win32
		{DB46CED2-B84D-42F2-BC00-83DE24187172}.Debug|x64.ActiveCfg = Debug|x64
		{DB46CED2-B84D-42F2-BC00-83DE24187172}.Debug|x64.Build.0 = Debug|x64
		{DB46CED2-B84D-42F2-BC00-83DE24187172}.Debug|x86.ActiveCfg = Debug|Win32
		{DB46CED2-B84D-42F2-BC00-83DE24187172}.Debug|x86.Build.0 = Debug|Win32
		{DB46CED2-B84D-42F2-BC00-83DE24187172}.Release|x64.ActiveCfg = Release|x64
		{DB46CED2-B84D-42F2-BC00-83DE24187172}.Release|x64.Build.0 = Release|x64
		{DB46CED2-B84D-42F2-BC00-83DE24187172}.Release|x86.ActiveCfg = Release|Win32
		{DB46CED2-B84D-42F2-BC00-83DE24187172}.Release|x86.Build.0 = Release|Win32
		{DC7F0C18-006B-4C78-AE69-33B942A6752D}.Debug|x64.ActiveCfg = Debug|x64
		{DC7F0C18-006B-4C78-AE69-33B942A6752D}.Debug|x86.ActiveCfg = Debug|Win32
		{DC7F0C18-006B-4C78-AE69-33B942A6752D}.Release|x64.ActiveCfg = Release|x64
		{DC7F0C18-006B-4C78-AE69-33B942A6752D}.Release|x86.ActiveCfg = Release|Win32
		{7A7E40B1-BF7A-409A-BAC2-05D92A8C8707}.Debug|x64.ActiveCfg = Debug|x64
		{7A7E40B1-BF7A-409A-BAC2-05D92A8C8707}.Debug|x64.Build.0 = Debug|x64
		{7A7E40B1-BF7A-409A-BAC2-05D92A8C8707}.Debug|x86.ActiveCfg = Debug|x64
		{7A7E40B1-BF7A-409A-BAC2-05D92A8C8707}.Release|x64.ActiveCfg = Release|x64
		{7A7E40B1-BF7A-409A-BAC2-05D92A8C8707}.Release|x64.Build.0 = Release|x64
		{7A7E40B1-BF7A-409A-BAC2-05D92A8C8707}.Release|x86.ActiveCfg = Release|x64
	EndGlobalSection
	GlobalSection(SolutionProperties) = preSolution
		HideSolutionNode = FALSE
	EndGlobalSection
	GlobalSection(ExtensibilityGlobals) = postSolution
		SolutionGuid = {DC42FD80-E2C6-4642-874B-4B74DBF45C92}
	EndGlobalSection
EndGlobal
